
Microsoft Visual Studio Solution File, Format Version 12.00
Project("{FAE04EC0-301F-11D3-BF4B-00C04F79EFBC}") = "Shared", "Shared\Shared.csproj", "{2ED9C31F-26BD-4580-972C-E679830D5A27}"
EndProject
Project("{FAE04EC0-301F-11D3-BF4B-00C04F79EFBC}") = "Client", "Client\Client.csproj", "{E1A387A7-205B-473F-BF7E-FC9C1E5A38D8}"
EndProject
Project("{FAE04EC0-301F-11D3-BF4B-00C04F79EFBC}") = "Api", "Api\Api.csproj", "{35D97AB5-3EED-4C5A-9736-538329B1C8CE}"
EndProject
Global
	GlobalSection(SolutionConfigurationPlatforms) = preSolution
		Debug|Any CPU = Debug|Any CPU
		Release|Any CPU = Release|Any CPU
	EndGlobalSection
	GlobalSection(ProjectConfigurationPlatforms) = postSolution
		{2ED9C31F-26BD-4580-972C-E679830D5A27}.Debug|Any CPU.ActiveCfg = Debug|Any CPU
		{2ED9C31F-26BD-4580-972C-E679830D5A27}.Debug|Any CPU.Build.0 = Debug|Any CPU
		{2ED9C31F-26BD-4580-972C-E679830D5A27}.Release|Any CPU.ActiveCfg = Release|Any CPU
		{2ED9C31F-26BD-4580-972C-E679830D5A27}.Release|Any CPU.Build.0 = Release|Any CPU
		{E1A387A7-205B-473F-BF7E-FC9C1E5A38D8}.Debug|Any CPU.ActiveCfg = Debug|Any CPU
		{E1A387A7-205B-473F-BF7E-FC9C1E5A38D8}.Debug|Any CPU.Build.0 = Debug|Any CPU
		{E1A387A7-205B-473F-BF7E-FC9C1E5A38D8}.Release|Any CPU.ActiveCfg = Release|Any CPU
		{E1A387A7-205B-473F-BF7E-FC9C1E5A38D8}.Release|Any CPU.Build.0 = Release|Any CPU
		{35D97AB5-3EED-4C5A-9736-538329B1C8CE}.Debug|Any CPU.ActiveCfg = Debug|Any CPU
		{35D97AB5-3EED-4C5A-9736-538329B1C8CE}.Debug|Any CPU.Build.0 = Debug|Any CPU
		{35D97AB5-3EED-4C5A-9736-538329B1C8CE}.Release|Any CPU.ActiveCfg = Release|Any CPU
		{35D97AB5-3EED-4C5A-9736-538329B1C8CE}.Release|Any CPU.Build.0 = Release|Any CPU
	EndGlobalSection
EndGlobal
